{
  "object": {
    "pins": [
      {
        "package": "Alamofire",
        "repositoryURL": "https://github.com/Alamofire/Alamofire.git",
        "state": {
          "branch": null,
          "revision": "2cbf59935fbb1f26e352ce4db53f1cf9408d5313",
          "version": "5.0.0-rc.3"
        }
      },
      {
        "package": "DeviceKit",
        "repositoryURL": "https://github.com/phimage/DeviceKit.git",
        "state": {
          "branch": "feature/macos",
          "revision": "15fa25b33473cfbd5257cb89cae97b980973f1e9",
          "version": null
        }
      },
      {
        "package": "IBAnimatable",
        "repositoryURL": "https://github.com/IBAnimatable/IBAnimatable.git",
        "state": {
          "branch": "HEAD",
          "revision": "6e5c91a36a8a8dd81b2eda59aefecf3773e7fca9",
          "version": null
        }
      },
      {
        "package": "Moya",
        "repositoryURL": "https://github.com/Moya/Moya.git",
        "state": {
          "branch": null,
          "revision": "e31409e1a38c7a18d05dc0b3f0ff0ef3b383780a",
          "version": "14.0.0-beta.5"
        }
      },
      {
        "package": "QMobileAPI",
        "repositoryURL": "https://github.com/4d-for-ios/QMobileAPI.git",
        "state": {
          "branch": "HEAD",
          "revision": "661e2df7ade41f7f3aab3dceb4f5f4a5bdbde9b7",
          "version": null
        }
      },
      {
        "package": "ReactiveSwift",
        "repositoryURL": "https://github.com/Moya/ReactiveSwift.git",
        "state": {
          "branch": null,
          "revision": "f195d82bb30e412e70446e2b4a77e1b514099e88",
          "version": "6.1.0"
        }
      },
      {
        "package": "RxSwift",
        "repositoryURL": "https://github.com/ReactiveX/RxSwift.git",
        "state": {
          "branch": null,
          "revision": "b3e888b4972d9bc76495dd74d30a8c7fad4b9395",
          "version": "5.0.1"
        }
      },
      {
        "package": "XCGLogger",
        "repositoryURL": "https://github.com/DaveWoodCom/XCGLogger.git",
        "state": {
          "branch": null,
          "revision": "f0daefd2a472f0c8d3d12a4b0d45594195a6c74d",
          "version": "7.0.0"
        }
      }
    ]
  },
  "version": 1
}
